
Microsoft Visual Studio Solution File, Format Version 12.00
# Visual Studio Version 17
VisualStudioVersion = 17.14.36414.22 d17.14
MinimumVisualStudioVersion = 10.0.40219.1
Project("{FAE04EC0-301F-11D3-BF4B-00C04F79EFBC}") = "SUT25 Individuell projekt BIBLIOTEK", "SUT25 Individuell projekt BIBLIOTEK\SUT25 Individuell projekt BIBLIOTEK.csproj", "{1493B3A7-5243-4327-A546-2A5F3F9BCA31}"
EndProject
Global
	GlobalSection(SolutionConfigurationPlatforms) = preSolution
		Debug|Any CPU = Debug|Any CPU
		Release|Any CPU = Release|Any CPU
	EndGlobalSection
	GlobalSection(ProjectConfigurationPlatforms) = postSolution
		{1493B3A7-5243-4327-A546-2A5F3F9BCA31}.Debug|Any CPU.ActiveCfg = Debug|Any CPU
		{1493B3A7-5243-4327-A546-2A5F3F9BCA31}.Debug|Any CPU.Build.0 = Debug|Any CPU
		{1493B3A7-5243-4327-A546-2A5F3F9BCA31}.Release|Any CPU.ActiveCfg = Release|Any CPU
		{1493B3A7-5243-4327-A546-2A5F3F9BCA31}.Release|Any CPU.Build.0 = Release|Any CPU
	EndGlobalSection
	GlobalSection(SolutionProperties) = preSolution
		HideSolutionNode = FALSE
	EndGlobalSection
	GlobalSection(ExtensibilityGlobals) = postSolution
		SolutionGuid = {B4E77076-20EE-4368-A3C8-8B0E9A6191BE}
	EndGlobalSection
EndGlobal
